# THIS IS AN AUTOGENERATED FILE. DO NOT EDIT THIS FILE DIRECTLY.
# yarn lockfile v1


find-insert-index@0.0.1:
  version "0.0.1"
  resolved "https://registry.yarnpkg.com/find-insert-index/-/find-insert-index-0.0.1.tgz#16cd34664c2ac233905ab2b39745bcec721362de"
  integrity sha1-Fs00ZkwqwjOQWrKzl0W87HITYt4=

mergesort@0.0.1:
  version "0.0.1"
  resolved "https://registry.yarnpkg.com/mergesort/-/mergesort-0.0.1.tgz#364ecc31b297dc7f44e511d365176f1c39d08fc2"
  integrity sha1-Nk7MMbKX3H9E5RHTZRdvHDnQj8I=

tree-model@^1.0.7:
  version "1.0.7"
  resolved "https://registry.yarnpkg.com/tree-model/-/tree-model-1.0.7.tgz#45b2307aa2dfc2da8ceb6a631c1e2b15550dce88"
  integrity sha512-oP4LUbCVtD2gcjcRaeI4L5hY60tHzB+AK/bthIJ2Pq1EUUOio5/xFzPWnGoBZlhtqpqbOkhFDzKIwKLOn0kccQ==
  dependencies:
    find-insert-index "0.0.1"
    mergesort "0.0.1"
